# This file is automatically @generated by Cargo.
# It is not intended for manual editing.
version = 3

[[package]]
name = "addr2line"
version = "0.22.0"
source = "registry+https://github.com/rust-lang/crates.io-index"
checksum = "6e4503c46a5c0c7844e948c9a4d6acd9f50cccb4de1c48eb9e291ea17470c678"
dependencies = [
 "gimli",
]

[[package]]
name = "adler"
version = "1.0.2"
source = "registry+https://github.com/rust-lang/crates.io-index"
checksum = "f26201604c87b1e01bd3d98f8d5d9a8fcbb815e8cedb41ffccbeb4bf593a35fe"

[[package]]
name = "ansi_term"
version = "0.11.0"
source = "registry+https://github.com/rust-lang/crates.io-index"
checksum = "ee49baf6cb617b853aa8d93bf420db2383fab46d314482ca2803b40d5fde979b"
dependencies = [
 "winapi",
]

[[package]]
name = "atty"
version = "0.2.14"
source = "registry+https://github.com/rust-lang/crates.io-index"
checksum = "d9b39be18770d11421cdb1b9947a45dd3f37e93092cbf377614828a319d5fee8"
dependencies = [
 "hermit-abi 0.1.17",
 "libc",
 "winapi",
]

[[package]]
name = "autocfg"
version = "1.3.0"
source = "registry+https://github.com/rust-lang/crates.io-index"
checksum = "0c4b4d0bd25bd0b74681c0ad21497610ce1b7c91b1022cd21c80c6fbdd9476b0"

[[package]]
name = "backtrace"
version = "0.3.73"
source = "registry+https://github.com/rust-lang/crates.io-index"
checksum = "5cc23269a4f8976d0a4d2e7109211a419fe30e8d88d677cd60b6bc79c5732e0a"
dependencies = [
 "addr2line",
 "cc",
 "cfg-if 1.0.0",
 "libc",
 "miniz_oxide",
 "object",
 "rustc-demangle",
]

[[package]]
name = "bitflags"
version = "1.2.1"
source = "registry+https://github.com/rust-lang/crates.io-index"
checksum = "cf1de2fe8c75bc145a2f577add951f8134889b4795d47466a54a5c846d691693"

[[package]]
name = "bitflags"
version = "2.6.0"
source = "registry+https://github.com/rust-lang/crates.io-index"
checksum = "b048fb63fd8b5923fc5aa7b340d8e156aec7ec02f0c78fa8a6ddc2613f6f71de"

[[package]]
name = "bytes"
version = "1.4.0"
source = "registry+https://github.com/rust-lang/crates.io-index"
checksum = "89b2fd2a0dcf38d7971e2194b6b6eebab45ae01067456a7fd93d5547a61b70be"

[[package]]
name = "cc"
version = "1.1.8"
source = "registry+https://github.com/rust-lang/crates.io-index"
checksum = "504bdec147f2cc13c8b57ed9401fd8a147cc66b67ad5cb241394244f2c947549"

[[package]]
name = "cfg-if"
version = "0.1.10"
source = "registry+https://github.com/rust-lang/crates.io-index"
checksum = "4785bdd1c96b2a846b2bd7cc02e86b6b3dbf14e7e53446c4f54c92a361040822"

[[package]]
name = "cfg-if"
version = "1.0.0"
source = "registry+https://github.com/rust-lang/crates.io-index"
checksum = "baf1de4339761588bc0619e3cbc0120ee582ebb74b53b4efbf79117bd2da40fd"

[[package]]
name = "clap"
version = "2.33.3"
source = "registry+https://github.com/rust-lang/crates.io-index"
checksum = "37e58ac78573c40708d45522f0d80fa2f01cc4f9b4e2bf749807255454312002"
dependencies = [
 "ansi_term",
 "atty",
 "bitflags 1.2.1",
 "strsim",
 "textwrap",
 "unicode-width",
 "vec_map",
]

[[package]]
name = "core-foundation-sys"
version = "0.8.6"
source = "registry+https://github.com/rust-lang/crates.io-index"
checksum = "06ea2b9bc92be3c2baa9334a323ebca2d6f074ff852cd1d7b11064035cd3868f"

[[package]]
name = "crossterm"
version = "0.28.1"
source = "registry+https://github.com/rust-lang/crates.io-index"
checksum = "829d955a0bb380ef178a640b91779e3987da38c9aea133b20614cfed8cdea9c6"
dependencies = [
 "bitflags 2.6.0",
 "crossterm_winapi",
 "futures-core",
 "mio 1.0.1",
 "parking_lot",
 "rustix",
 "signal-hook",
 "signal-hook-mio",
 "winapi",
]

[[package]]
name = "crossterm_winapi"
version = "0.9.1"
source = "registry+https://github.com/rust-lang/crates.io-index"
checksum = "acdd7c62a3665c7f6830a51635d9ac9b23ed385797f70a83bb8bafe9c572ab2b"
dependencies = [
 "winapi",
]

[[package]]
name = "errno"
version = "0.3.9"
source = "registry+https://github.com/rust-lang/crates.io-index"
checksum = "534c5cf6194dfab3db3242765c03bbe257cf92f22b38f6bc0c58d59108a820ba"
dependencies = [
 "libc",
 "windows-sys 0.52.0",
]

[[package]]
name = "futures"
version = "0.3.8"
source = "registry+https://github.com/rust-lang/crates.io-index"
checksum = "9b3b0c040a1fe6529d30b3c5944b280c7f0dcb2930d2c3062bca967b602583d0"
dependencies = [
 "futures-channel",
 "futures-core",
 "futures-executor",
 "futures-io",
 "futures-sink",
 "futures-task",
 "futures-util",
]

[[package]]
name = "futures-channel"
version = "0.3.8"
source = "registry+https://github.com/rust-lang/crates.io-index"
checksum = "4b7109687aa4e177ef6fe84553af6280ef2778bdb7783ba44c9dc3399110fe64"
dependencies = [
 "futures-core",
 "futures-sink",
]

[[package]]
name = "futures-core"
version = "0.3.8"
source = "registry+https://github.com/rust-lang/crates.io-index"
checksum = "847ce131b72ffb13b6109a221da9ad97a64cbe48feb1028356b836b47b8f1748"

[[package]]
name = "futures-executor"
version = "0.3.8"
source = "registry+https://github.com/rust-lang/crates.io-index"
checksum = "4caa2b2b68b880003057c1dd49f1ed937e38f22fcf6c212188a121f08cf40a65"
dependencies = [
 "futures-core",
 "futures-task",
 "futures-util",
]

[[package]]
name = "futures-io"
version = "0.3.8"
source = "registry+https://github.com/rust-lang/crates.io-index"
checksum = "611834ce18aaa1bd13c4b374f5d653e1027cf99b6b502584ff8c9a64413b30bb"

[[package]]
name = "futures-macro"
version = "0.3.8"
source = "registry+https://github.com/rust-lang/crates.io-index"
checksum = "77408a692f1f97bcc61dc001d752e00643408fbc922e4d634c655df50d595556"
dependencies = [
 "proc-macro-hack",
 "proc-macro2",
 "quote",
 "syn 1.0.58",
]

[[package]]
name = "futures-sink"
version = "0.3.8"
source = "registry+https://github.com/rust-lang/crates.io-index"
checksum = "f878195a49cee50e006b02b93cf7e0a95a38ac7b776b4c4d9cc1207cd20fcb3d"

[[package]]
name = "futures-task"
version = "0.3.8"
source = "registry+https://github.com/rust-lang/crates.io-index"
checksum = "7c554eb5bf48b2426c4771ab68c6b14468b6e76cc90996f528c3338d761a4d0d"
dependencies = [
 "once_cell",
]

[[package]]
name = "futures-util"
version = "0.3.8"
source = "registry+https://github.com/rust-lang/crates.io-index"
checksum = "d304cff4a7b99cfb7986f7d43fbe93d175e72e704a8860787cc95e9ffd85cbd2"
dependencies = [
 "futures-channel",
 "futures-core",
 "futures-io",
 "futures-macro",
 "futures-sink",
 "futures-task",
 "memchr",
 "pin-project",
 "pin-utils",
 "proc-macro-hack",
 "proc-macro-nested",
 "slab",
]

[[package]]
name = "gimli"
version = "0.29.0"
source = "registry+https://github.com/rust-lang/crates.io-index"
checksum = "40ecd4077b5ae9fd2e9e169b102c6c330d0605168eb0e8bf79952b256dbefffd"

[[package]]
name = "heck"
version = "0.3.2"
source = "registry+https://github.com/rust-lang/crates.io-index"
checksum = "87cbf45460356b7deeb5e3415b5563308c0a9b057c85e12b06ad551f98d0a6ac"
dependencies = [
 "unicode-segmentation",
]

[[package]]
name = "heck"
version = "0.5.0"
source = "registry+https://github.com/rust-lang/crates.io-index"
checksum = "2304e00983f87ffb38b55b444b5e3b60a884b5d30c0fca7d82fe33449bbe55ea"

[[package]]
name = "hermit-abi"
version = "0.1.17"
source = "registry+https://github.com/rust-lang/crates.io-index"
checksum = "5aca5565f760fb5b220e499d72710ed156fdb74e631659e99377d9ebfbd13ae8"
dependencies = [
 "libc",
]

[[package]]
name = "hermit-abi"
version = "0.3.9"
source = "registry+https://github.com/rust-lang/crates.io-index"
checksum = "d231dfb89cfffdbc30e7fc41579ed6066ad03abda9e567ccafae602b97ec5024"

[[package]]
name = "io-kit-sys"
version = "0.4.1"
source = "registry+https://github.com/rust-lang/crates.io-index"
checksum = "617ee6cf8e3f66f3b4ea67a4058564628cde41901316e19f559e14c7c72c5e7b"
dependencies = [
 "core-foundation-sys",
 "mach2",
]

[[package]]
name = "lazy_static"
version = "1.4.0"
source = "registry+https://github.com/rust-lang/crates.io-index"
checksum = "e2abad23fbc42b3700f2f279844dc832adb2b2eb069b2df918f455c4e18cc646"

[[package]]
name = "libc"
version = "0.2.155"
source = "registry+https://github.com/rust-lang/crates.io-index"
checksum = "97b3888a4aecf77e811145cadf6eef5901f4782c53886191b2f693f24761847c"

[[package]]
name = "libudev"
version = "0.3.0"
source = "registry+https://github.com/rust-lang/crates.io-index"
checksum = "78b324152da65df7bb95acfcaab55e3097ceaab02fb19b228a9eb74d55f135e0"
dependencies = [
 "libc",
 "libudev-sys",
]

[[package]]
name = "libudev-sys"
version = "0.1.4"
source = "registry+https://github.com/rust-lang/crates.io-index"
checksum = "3c8469b4a23b962c1396b9b451dda50ef5b283e8dd309d69033475fa9b334324"
dependencies = [
 "libc",
 "pkg-config",
]

[[package]]
name = "linux-raw-sys"
version = "0.4.14"
source = "registry+https://github.com/rust-lang/crates.io-index"
checksum = "78b3ae25bc7c8c38cec158d1f2757ee79e9b3740fbc7ccf0e59e4b08d793fa89"

[[package]]
name = "lock_api"
version = "0.4.12"
source = "registry+https://github.com/rust-lang/crates.io-index"
checksum = "07af8b9cdd281b7915f413fa73f29ebd5d55d0d3f0155584dade1ff18cea1b17"
dependencies = [
 "autocfg",
 "scopeguard",
]

[[package]]
name = "log"
version = "0.4.11"
source = "registry+https://github.com/rust-lang/crates.io-index"
checksum = "4fabed175da42fed1fa0746b0ea71f412aa9d35e76e95e59b192c64b9dc2bf8b"
dependencies = [
 "cfg-if 0.1.10",
]

[[package]]
name = "mach2"
version = "0.4.2"
source = "registry+https://github.com/rust-lang/crates.io-index"
checksum = "19b955cdeb2a02b9117f121ce63aa52d08ade45de53e48fe6a38b39c10f6f709"
dependencies = [
 "libc",
]

[[package]]
name = "memchr"
version = "2.7.4"
source = "registry+https://github.com/rust-lang/crates.io-index"
checksum = "78ca9ab1a0babb1e7d5695e3530886289c18cf2f87ec19a575a0abdce112e3a3"

[[package]]
name = "memoffset"
version = "0.7.1"
source = "registry+https://github.com/rust-lang/crates.io-index"
checksum = "5de893c32cde5f383baa4c04c5d6dbdd735cfd4a794b0debdb2bb1b421da5ff4"
dependencies = [
 "autocfg",
]

[[package]]
name = "miniz_oxide"
version = "0.7.4"
source = "registry+https://github.com/rust-lang/crates.io-index"
checksum = "b8a240ddb74feaf34a79a7add65a741f3167852fba007066dcac1ca548d89c08"
dependencies = [
 "adler",
]

[[package]]
name = "mio"
version = "0.8.11"
source = "registry+https://github.com/rust-lang/crates.io-index"
checksum = "a4a650543ca06a924e8b371db273b2756685faae30f8487da1b56505a8f78b0c"
dependencies = [
 "libc",
 "log",
 "wasi",
 "windows-sys 0.48.0",
]

[[package]]
name = "mio"
version = "1.0.1"
source = "registry+https://github.com/rust-lang/crates.io-index"
checksum = "4569e456d394deccd22ce1c1913e6ea0e54519f577285001215d33557431afe4"
dependencies = [
 "hermit-abi 0.3.9",
 "libc",
 "log",
 "wasi",
 "windows-sys 0.52.0",
]

[[package]]
name = "mio-serial"
version = "5.0.5"
source = "registry+https://github.com/rust-lang/crates.io-index"
checksum = "20a4c60ca5c9c0e114b3bd66ff4aa5f9b2b175442be51ca6c4365d687a97a2ac"
dependencies = [
 "log",
 "mio 0.8.11",
 "nix",
 "serialport",
 "winapi",
]

[[package]]
name = "nix"
version = "0.26.4"
source = "registry+https://github.com/rust-lang/crates.io-index"
checksum = "598beaf3cc6fdd9a5dfb1630c2800c7acd31df7aaf0f565796fba2b53ca1af1b"
dependencies = [
 "bitflags 1.2.1",
 "cfg-if 1.0.0",
 "libc",
 "memoffset",
 "pin-utils",
]

[[package]]
name = "object"
version = "0.36.3"
source = "registry+https://github.com/rust-lang/crates.io-index"
checksum = "27b64972346851a39438c60b341ebc01bba47464ae329e55cf343eb93964efd9"
dependencies = [
 "memchr",
]

[[package]]
name = "once_cell"
version = "1.5.2"
source = "registry+https://github.com/rust-lang/crates.io-index"
checksum = "13bd41f508810a131401606d54ac32a467c97172d74ba7662562ebba5ad07fa0"

[[package]]
name = "parking_lot"
version = "0.12.3"
source = "registry+https://github.com/rust-lang/crates.io-index"
checksum = "f1bf18183cf54e8d6059647fc3063646a1801cf30896933ec2311622cc4b9a27"
dependencies = [
 "lock_api",
 "parking_lot_core",
]

[[package]]
name = "parking_lot_core"
version = "0.9.10"
source = "registry+https://github.com/rust-lang/crates.io-index"
checksum = "1e401f977ab385c9e4e3ab30627d6f26d00e2c73eef317493c4ec6d468726cf8"
dependencies = [
 "cfg-if 1.0.0",
 "libc",
 "redox_syscall",
 "smallvec",
 "windows-targets 0.52.6",
]

[[package]]
name = "pin-project"
version = "1.0.3"
source = "registry+https://github.com/rust-lang/crates.io-index"
checksum = "5a83804639aad6ba65345661744708855f9fbcb71176ea8d28d05aeb11d975e7"
dependencies = [
 "pin-project-internal",
]

[[package]]
name = "pin-project-internal"
version = "1.0.3"
source = "registry+https://github.com/rust-lang/crates.io-index"
checksum = "b7bcc46b8f73443d15bc1c5fecbb315718491fa9187fa483f0e359323cde8b3a"
dependencies = [
 "proc-macro2",
 "quote",
 "syn 1.0.58",
]

[[package]]
name = "pin-project-lite"
version = "0.2.14"
source = "registry+https://github.com/rust-lang/crates.io-index"
checksum = "bda66fc9667c18cb2758a2ac84d1167245054bcf85d5d1aaa6923f45801bdd02"

[[package]]
name = "pin-utils"
version = "0.1.0"
source = "registry+https://github.com/rust-lang/crates.io-index"
checksum = "8b870d8c151b6f2fb93e84a13146138f05d02ed11c7e7c54f8826aaaf7c9f184"

[[package]]
name = "pkg-config"
version = "0.3.19"
source = "registry+https://github.com/rust-lang/crates.io-index"
checksum = "3831453b3449ceb48b6d9c7ad7c96d5ea673e9b470a1dc578c2ce6521230884c"

[[package]]
name = "proc-macro-error"
version = "1.0.4"
source = "registry+https://github.com/rust-lang/crates.io-index"
checksum = "da25490ff9892aab3fcf7c36f08cfb902dd3e71ca0f9f9517bea02a73a5ce38c"
dependencies = [
 "proc-macro-error-attr",
 "proc-macro2",
 "quote",
 "syn 1.0.58",
 "version_check",
]

[[package]]
name = "proc-macro-error-attr"
version = "1.0.4"
source = "registry+https://github.com/rust-lang/crates.io-index"
checksum = "a1be40180e52ecc98ad80b184934baf3d0d29f979574e439af5a55274b35f869"
dependencies = [
 "proc-macro2",
 "quote",
 "version_check",
]

[[package]]
name = "proc-macro-hack"
version = "0.5.19"
source = "registry+https://github.com/rust-lang/crates.io-index"
checksum = "dbf0c48bc1d91375ae5c3cd81e3722dff1abcf81a30960240640d223f59fe0e5"

[[package]]
name = "proc-macro-nested"
version = "0.1.6"
source = "registry+https://github.com/rust-lang/crates.io-index"
checksum = "eba180dafb9038b050a4c280019bbedf9f2467b61e5d892dcad585bb57aadc5a"

[[package]]
name = "proc-macro2"
version = "1.0.86"
source = "registry+https://github.com/rust-lang/crates.io-index"
checksum = "5e719e8df665df0d1c8fbfd238015744736151d4445ec0836b8e628aae103b77"
dependencies = [
 "unicode-ident",
]

[[package]]
name = "quote"
version = "1.0.36"
source = "registry+https://github.com/rust-lang/crates.io-index"
checksum = "0fa76aaf39101c457836aec0ce2316dbdc3ab723cdda1c6bd4e6ad4208acaca7"
dependencies = [
 "proc-macro2",
]

[[package]]
name = "redox_syscall"
version = "0.5.3"
source = "registry+https://github.com/rust-lang/crates.io-index"
checksum = "2a908a6e00f1fdd0dfd9c0eb08ce85126f6d8bbda50017e74bc4a4b7d4a926a4"
dependencies = [
 "bitflags 2.6.0",
]

[[package]]
name = "rustc-demangle"
version = "0.1.24"
source = "registry+https://github.com/rust-lang/crates.io-index"
checksum = "719b953e2095829ee67db738b3bfa9fa368c94900df327b3f07fe6e794d2fe1f"

[[package]]
name = "rustix"
version = "0.38.34"
source = "registry+https://github.com/rust-lang/crates.io-index"
checksum = "70dc5ec042f7a43c4a73241207cecc9873a06d45debb38b329f8541d85c2730f"
dependencies = [
 "bitflags 2.6.0",
 "errno",
 "libc",
 "linux-raw-sys",
 "windows-sys 0.52.0",
]

[[package]]
name = "rustversion"
version = "1.0.17"
source = "registry+https://github.com/rust-lang/crates.io-index"
checksum = "955d28af4278de8121b7ebeb796b6a45735dc01436d898801014aced2773a3d6"

[[package]]
name = "scopeguard"
version = "1.1.0"
source = "registry+https://github.com/rust-lang/crates.io-index"
checksum = "d29ab0c6d3fc0ee92fe66e2d99f700eab17a8d57d1c1d3b748380fb20baa78cd"

[[package]]
name = "serial-monitor"
version = "0.0.7"
dependencies = [
 "crossterm",
 "futures",
 "mio-serial",
 "serialport",
 "structopt",
 "strum",
 "tokio",
 "tokio-serial",
 "tokio-util",
 "wildmatch",
]

[[package]]
name = "serialport"
version = "4.5.0"
source = "registry+https://github.com/rust-lang/crates.io-index"
checksum = "241ebb629ed9bf598b2b392ba42aa429f9ef2a0099001246a36ac4c084ee183f"
dependencies = [
 "bitflags 2.6.0",
 "cfg-if 1.0.0",
 "core-foundation-sys",
 "io-kit-sys",
 "libudev",
 "mach2",
 "nix",
 "scopeguard",
 "unescaper",
 "winapi",
]

[[package]]
name = "signal-hook"
version = "0.3.17"
source = "registry+https://github.com/rust-lang/crates.io-index"
checksum = "8621587d4798caf8eb44879d42e56b9a93ea5dcd315a6487c357130095b62801"
dependencies = [
 "libc",
 "signal-hook-registry",
]

[[package]]
name = "signal-hook-mio"
version = "0.2.4"
source = "registry+https://github.com/rust-lang/crates.io-index"
checksum = "34db1a06d485c9142248b7a054f034b349b212551f3dfd19c94d45a754a217cd"
dependencies = [
 "libc",
 "mio 1.0.1",
 "signal-hook",
]

[[package]]
name = "signal-hook-registry"
version = "1.4.2"
source = "registry+https://github.com/rust-lang/crates.io-index"
checksum = "a9e9e0b4211b72e7b8b6e85c807d36c212bdb33ea8587f7569562a84df5465b1"
dependencies = [
 "libc",
]

[[package]]
name = "slab"
version = "0.4.2"
source = "registry+https://github.com/rust-lang/crates.io-index"
checksum = "c111b5bd5695e56cffe5129854aa230b39c93a305372fdbb2668ca2394eea9f8"

[[package]]
name = "smallvec"
version = "1.8.0"
source = "registry+https://github.com/rust-lang/crates.io-index"
checksum = "f2dd574626839106c320a323308629dcb1acfc96e32a8cba364ddc61ac23ee83"

[[package]]
name = "socket2"
version = "0.5.7"
source = "registry+https://github.com/rust-lang/crates.io-index"
checksum = "ce305eb0b4296696835b71df73eb912e0f1ffd2556a501fcede6e0c50349191c"
dependencies = [
 "libc",
 "windows-sys 0.52.0",
]

[[package]]
name = "strsim"
version = "0.8.0"
source = "registry+https://github.com/rust-lang/crates.io-index"
checksum = "8ea5119cdb4c55b55d432abb513a0429384878c15dde60cc77b1c99de1a95a6a"

[[package]]
name = "structopt"
version = "0.3.21"
source = "registry+https://github.com/rust-lang/crates.io-index"
checksum = "5277acd7ee46e63e5168a80734c9f6ee81b1367a7d8772a2d765df2a3705d28c"
dependencies = [
 "clap",
 "lazy_static",
 "structopt-derive",
]

[[package]]
name = "structopt-derive"
version = "0.4.14"
source = "registry+https://github.com/rust-lang/crates.io-index"
checksum = "5ba9cdfda491b814720b6b06e0cac513d922fc407582032e8706e9f137976f90"
dependencies = [
 "heck 0.3.2",
 "proc-macro-error",
 "proc-macro2",
 "quote",
 "syn 1.0.58",
]

[[package]]
name = "strum"
version = "0.26.3"
source = "registry+https://github.com/rust-lang/crates.io-index"
checksum = "8fec0f0aef304996cf250b31b5a10dee7980c85da9d759361292b8bca5a18f06"
dependencies = [
 "strum_macros",
]

[[package]]
name = "strum_macros"
version = "0.26.4"
source = "registry+https://github.com/rust-lang/crates.io-index"
checksum = "4c6bee85a5a24955dc440386795aa378cd9cf82acd5f764469152d2270e581be"
dependencies = [
 "heck 0.5.0",
 "proc-macro2",
 "quote",
 "rustversion",
 "syn 2.0.72",
]

[[package]]
name = "syn"
version = "1.0.58"
source = "registry+https://github.com/rust-lang/crates.io-index"
checksum = "cc60a3d73ea6594cd712d830cc1f0390fd71542d8c8cd24e70cc54cdfd5e05d5"
dependencies = [
 "proc-macro2",
 "quote",
 "unicode-xid",
]

[[package]]
name = "syn"
version = "2.0.72"
source = "registry+https://github.com/rust-lang/crates.io-index"
checksum = "dc4b9b9bf2add8093d3f2c0204471e951b2285580335de42f9d2534f3ae7a8af"
dependencies = [
 "proc-macro2",
 "quote",
 "unicode-ident",
]

[[package]]
name = "textwrap"
version = "0.11.0"
source = "registry+https://github.com/rust-lang/crates.io-index"
checksum = "d326610f408c7a4eb6f51c37c330e496b08506c9457c9d34287ecc38809fb060"
dependencies = [
 "unicode-width",
]

[[package]]
name = "thiserror"
version = "1.0.39"
source = "registry+https://github.com/rust-lang/crates.io-index"
checksum = "a5ab016db510546d856297882807df8da66a16fb8c4101cb8b30054b0d5b2d9c"
dependencies = [
 "thiserror-impl",
]

[[package]]
name = "thiserror-impl"
version = "1.0.39"
source = "registry+https://github.com/rust-lang/crates.io-index"
checksum = "5420d42e90af0c38c3290abcca25b9b3bdf379fc9f55c528f53a269d9c9a267e"
dependencies = [
 "proc-macro2",
 "quote",
 "syn 1.0.58",
]

[[package]]
name = "tokio"
version = "1.39.2"
source = "registry+https://github.com/rust-lang/crates.io-index"
checksum = "daa4fb1bc778bd6f04cbfc4bb2d06a7396a8f299dc33ea1900cedaa316f467b1"
dependencies = [
 "backtrace",
 "bytes",
 "libc",
 "mio 1.0.1",
 "parking_lot",
 "pin-project-lite",
 "signal-hook-registry",
 "socket2",
 "tokio-macros",
 "windows-sys 0.52.0",
]

[[package]]
name = "tokio-macros"
version = "2.4.0"
source = "registry+https://github.com/rust-lang/crates.io-index"
checksum = "693d596312e88961bc67d7f1f97af8a70227d9f90c31bba5806eec004978d752"
dependencies = [
 "proc-macro2",
 "quote",
 "syn 2.0.72",
]

[[package]]
name = "tokio-serial"
version = "5.4.4"
source = "registry+https://github.com/rust-lang/crates.io-index"
checksum = "aa6e2e4cf0520a99c5f87d5abb24172b5bd220de57c3181baaaa5440540c64aa"
dependencies = [
 "cfg-if 1.0.0",
 "futures",
 "log",
 "mio-serial",
 "tokio",
]

[[package]]
name = "tokio-util"
version = "0.7.11"
source = "registry+https://github.com/rust-lang/crates.io-index"
checksum = "9cf6b47b3771c49ac75ad09a6162f53ad4b8088b76ac60e8ec1455b31a189fe1"
dependencies = [
 "bytes",
 "futures-core",
 "futures-sink",
 "pin-project-lite",
 "tokio",
]

[[package]]
name = "unescaper"
version = "0.1.5"
source = "registry+https://github.com/rust-lang/crates.io-index"
checksum = "c878a167baa8afd137494101a688ef8c67125089ff2249284bd2b5f9bfedb815"
dependencies = [
 "thiserror",
]

[[package]]
name = "unicode-ident"
version = "1.0.12"
source = "registry+https://github.com/rust-lang/crates.io-index"
checksum = "3354b9ac3fae1ff6755cb6db53683adb661634f67557942dea4facebec0fee4b"

[[package]]
name = "unicode-segmentation"
version = "1.7.1"
source = "registry+https://github.com/rust-lang/crates.io-index"
checksum = "bb0d2e7be6ae3a5fa87eed5fb451aff96f2573d2694942e40543ae0bbe19c796"

[[package]]
name = "unicode-width"
version = "0.1.8"
source = "registry+https://github.com/rust-lang/crates.io-index"
checksum = "9337591893a19b88d8d87f2cec1e73fad5cdfd10e5a6f349f498ad6ea2ffb1e3"

[[package]]
name = "unicode-xid"
version = "0.2.1"
source = "registry+https://github.com/rust-lang/crates.io-index"
checksum = "f7fe0bb3479651439c9112f72b6c505038574c9fbb575ed1bf3b797fa39dd564"

[[package]]
name = "vec_map"
version = "0.8.2"
source = "registry+https://github.com/rust-lang/crates.io-index"
checksum = "f1bddf1187be692e79c5ffeab891132dfb0f236ed36a43c7ed39f1165ee20191"

[[package]]
name = "version_check"
version = "0.9.2"
source = "registry+https://github.com/rust-lang/crates.io-index"
checksum = "b5a972e5669d67ba988ce3dc826706fb0a8b01471c088cb0b6110b805cc36aed"

[[package]]
name = "wasi"
version = "0.11.0+wasi-snapshot-preview1"
source = "registry+https://github.com/rust-lang/crates.io-index"
checksum = "9c8d87e72b64a3b4db28d11ce29237c246188f4f51057d65a7eab63b7987e423"

[[package]]
name = "wildmatch"
version = "2.3.4"
source = "registry+https://github.com/rust-lang/crates.io-index"
checksum = "3928939971918220fed093266b809d1ee4ec6c1a2d72692ff6876898f3b16c19"

[[package]]
name = "winapi"
version = "0.3.9"
source = "registry+https://github.com/rust-lang/crates.io-index"
checksum = "5c839a674fcd7a98952e593242ea400abe93992746761e38641405d28b00f419"
dependencies = [
 "winapi-i686-pc-windows-gnu",
 "winapi-x86_64-pc-windows-gnu",
]

[[package]]
name = "winapi-i686-pc-windows-gnu"
version = "0.4.0"
source = "registry+https://github.com/rust-lang/crates.io-index"
checksum = "ac3b87c63620426dd9b991e5ce0329eff545bccbbb34f3be09ff6fb6ab51b7b6"

[[package]]
name = "winapi-x86_64-pc-windows-gnu"
version = "0.4.0"
source = "registry+https://github.com/rust-lang/crates.io-index"
checksum = "712e227841d057c1ee1cd2fb22fa7e5a5461ae8e48fa2ca79ec42cfc1931183f"

[[package]]
name = "windows-sys"
version = "0.48.0"
source = "registry+https://github.com/rust-lang/crates.io-index"
checksum = "677d2418bec65e3338edb076e806bc1ec15693c5d0104683f2efe857f61056a9"
dependencies = [
 "windows-targets 0.48.5",
]

[[package]]
name = "windows-sys"
version = "0.52.0"
source = "registry+https://github.com/rust-lang/crates.io-index"
checksum = "282be5f36a8ce781fad8c8ae18fa3f9beff57ec1b52cb3de0789201425d9a33d"
dependencies = [
 "windows-targets 0.52.6",
]

[[package]]
name = "windows-targets"
version = "0.48.5"
source = "registry+https://github.com/rust-lang/crates.io-index"
checksum = "9a2fa6e2155d7247be68c096456083145c183cbbbc2764150dda45a87197940c"
dependencies = [
 "windows_aarch64_gnullvm 0.48.5",
 "windows_aarch64_msvc 0.48.5",
 "windows_i686_gnu 0.48.5",
 "windows_i686_msvc 0.48.5",
 "windows_x86_64_gnu 0.48.5",
 "windows_x86_64_gnullvm 0.48.5",
 "windows_x86_64_msvc 0.48.5",
]

[[package]]
name = "windows-targets"
version = "0.52.6"
source = "registry+https://github.com/rust-lang/crates.io-index"
checksum = "9b724f72796e036ab90c1021d4780d4d3d648aca59e491e6b98e725b84e99973"
dependencies = [
 "windows_aarch64_gnullvm 0.52.6",
 "windows_aarch64_msvc 0.52.6",
 "windows_i686_gnu 0.52.6",
 "windows_i686_gnullvm",
 "windows_i686_msvc 0.52.6",
 "windows_x86_64_gnu 0.52.6",
 "windows_x86_64_gnullvm 0.52.6",
 "windows_x86_64_msvc 0.52.6",
]

[[package]]
name = "windows_aarch64_gnullvm"
version = "0.48.5"
source = "registry+https://github.com/rust-lang/crates.io-index"
checksum = "2b38e32f0abccf9987a4e3079dfb67dcd799fb61361e53e2882c3cbaf0d905d8"

[[package]]
name = "windows_aarch64_gnullvm"
version = "0.52.6"
source = "registry+https://github.com/rust-lang/crates.io-index"
checksum = "32a4622180e7a0ec044bb555404c800bc9fd9ec262ec147edd5989ccd0c02cd3"

[[package]]
name = "windows_aarch64_msvc"
version = "0.48.5"
source = "registry+https://github.com/rust-lang/crates.io-index"
checksum = "dc35310971f3b2dbbf3f0690a219f40e2d9afcf64f9ab7cc1be722937c26b4bc"

[[package]]
name = "windows_aarch64_msvc"
version = "0.52.6"
source = "registry+https://github.com/rust-lang/crates.io-index"
checksum = "09ec2a7bb152e2252b53fa7803150007879548bc709c039df7627cabbd05d469"

[[package]]
name = "windows_i686_gnu"
version = "0.48.5"
source = "registry+https://github.com/rust-lang/crates.io-index"
checksum = "a75915e7def60c94dcef72200b9a8e58e5091744960da64ec734a6c6e9b3743e"

[[package]]
name = "windows_i686_gnu"
version = "0.52.6"
source = "registry+https://github.com/rust-lang/crates.io-index"
checksum = "8e9b5ad5ab802e97eb8e295ac6720e509ee4c243f69d781394014ebfe8bbfa0b"

[[package]]
name = "windows_i686_gnullvm"
version = "0.52.6"
source = "registry+https://github.com/rust-lang/crates.io-index"
checksum = "0eee52d38c090b3caa76c563b86c3a4bd71ef1a819287c19d586d7334ae8ed66"

[[package]]
name = "windows_i686_msvc"
version = "0.48.5"
source = "registry+https://github.com/rust-lang/crates.io-index"
checksum = "8f55c233f70c4b27f66c523580f78f1004e8b5a8b659e05a4eb49d4166cca406"

[[package]]
name = "windows_i686_msvc"
version = "0.52.6"
source = "registry+https://github.com/rust-lang/crates.io-index"
checksum = "240948bc05c5e7c6dabba28bf89d89ffce3e303022809e73deaefe4f6ec56c66"

[[package]]
name = "windows_x86_64_gnu"
version = "0.48.5"
source = "registry+https://github.com/rust-lang/crates.io-index"
checksum = "53d40abd2583d23e4718fddf1ebec84dbff8381c07cae67ff7768bbf19c6718e"

[[package]]
name = "windows_x86_64_gnu"
version = "0.52.6"
source = "registry+https://github.com/rust-lang/crates.io-index"
checksum = "147a5c80aabfbf0c7d901cb5895d1de30ef2907eb21fbbab29ca94c5b08b1a78"

[[package]]
name = "windows_x86_64_gnullvm"
version = "0.48.5"
source = "registry+https://github.com/rust-lang/crates.io-index"
checksum = "0b7b52767868a23d5bab768e390dc5f5c55825b6d30b86c844ff2dc7414044cc"

[[package]]
name = "windows_x86_64_gnullvm"
version = "0.52.6"
source = "registry+https://github.com/rust-lang/crates.io-index"
checksum = "24d5b23dc417412679681396f2b49f3de8c1473deb516bd34410872eff51ed0d"

[[package]]
name = "windows_x86_64_msvc"
version = "0.48.5"
source = "registry+https://github.com/rust-lang/crates.io-index"
checksum = "ed94fce61571a4006852b7389a063ab983c02eb1bb37b47f8272ce92d06d9538"

[[package]]
name = "windows_x86_64_msvc"
version = "0.52.6"
source = "registry+https://github.com/rust-lang/crates.io-index"
checksum = "589f6da84c646204747d1270a2a5661ea66ed1cced2631d546fdfb155959f9ec"
